
Microsoft Visual Studio Solution File, Format Version 12.00
# Visual Studio Version 16
VisualStudioVersion = 16.0.31829.152
MinimumVisualStudioVersion = 10.0.40219.1
Project("{FAE04EC0-301F-11D3-BF4B-00C04F79EFBC}") = "Shopping_Devnot", "Shopping_Devnot\Shopping_Devnot.csproj", "{ACE48487-D3BE-4010-B653-B7F6A99DC73B}"
EndProject
Project("{FAE04EC0-301F-11D3-BF4B-00C04F79EFBC}") = "Shop_Entities", "Shop_Entities\Shop_Entities.csproj", "{D92C399E-AACE-401E-AAC8-32A1450DB5E0}"
EndProject
Project("{FAE04EC0-301F-11D3-BF4B-00C04F79EFBC}") = "Shop_Data", "Shop_Data\Shop_Data.csproj", "{23422348-9575-439E-BAB0-089009A8ED50}"
EndProject
Project("{FAE04EC0-301F-11D3-BF4B-00C04F79EFBC}") = "Shop_Business", "Shop_Business\Shop_Business.csproj", "{24308B35-DABC-4F7A-8B52-D1A46E4B7633}"
EndProject
Global
	GlobalSection(SolutionConfigurationPlatforms) = preSolution
		Debug|Any CPU = Debug|Any CPU
		Release|Any CPU = Release|Any CPU
	EndGlobalSection
	GlobalSection(ProjectConfigurationPlatforms) = postSolution
		{ACE48487-D3BE-4010-B653-B7F6A99DC73B}.Debug|Any CPU.ActiveCfg = Debug|Any CPU
		{ACE48487-D3BE-4010-B653-B7F6A99DC73B}.Debug|Any CPU.Build.0 = Debug|Any CPU
		{ACE48487-D3BE-4010-B653-B7F6A99DC73B}.Release|Any CPU.ActiveCfg = Release|Any CPU
		{ACE48487-D3BE-4010-B653-B7F6A99DC73B}.Release|Any CPU.Build.0 = Release|Any CPU
		{D92C399E-AACE-401E-AAC8-32A1450DB5E0}.Debug|Any CPU.ActiveCfg = Debug|Any CPU
		{D92C399E-AACE-401E-AAC8-32A1450DB5E0}.Debug|Any CPU.Build.0 = Debug|Any CPU
		{D92C399E-AACE-401E-AAC8-32A1450DB5E0}.Release|Any CPU.ActiveCfg = Release|Any CPU
		{D92C399E-AACE-401E-AAC8-32A1450DB5E0}.Release|Any CPU.Build.0 = Release|Any CPU
		{23422348-9575-439E-BAB0-089009A8ED50}.Debug|Any CPU.ActiveCfg = Debug|Any CPU
		{23422348-9575-439E-BAB0-089009A8ED50}.Debug|Any CPU.Build.0 = Debug|Any CPU
		{23422348-9575-439E-BAB0-089009A8ED50}.Release|Any CPU.ActiveCfg = Release|Any CPU
		{23422348-9575-439E-BAB0-089009A8ED50}.Release|Any CPU.Build.0 = Release|Any CPU
		{24308B35-DABC-4F7A-8B52-D1A46E4B7633}.Debug|Any CPU.ActiveCfg = Debug|Any CPU
		{24308B35-DABC-4F7A-8B52-D1A46E4B7633}.Debug|Any CPU.Build.0 = Debug|Any CPU
		{24308B35-DABC-4F7A-8B52-D1A46E4B7633}.Release|Any CPU.ActiveCfg = Release|Any CPU
		{24308B35-DABC-4F7A-8B52-D1A46E4B7633}.Release|Any CPU.Build.0 = Release|Any CPU
	EndGlobalSection
	GlobalSection(SolutionProperties) = preSolution
		HideSolutionNode = FALSE
	EndGlobalSection
	GlobalSection(ExtensibilityGlobals) = postSolution
		SolutionGuid = {876B79CE-2560-40B6-A97D-EE49CB6D6BC7}
	EndGlobalSection
EndGlobal
